PODS:
  - AppCenter (3.3.2):
    - AppCenter/Analytics (= 3.3.2)
    - AppCenter/Crashes (= 3.3.2)
  - AppCenter/Analytics (3.3.2):
    - AppCenter/Core
  - AppCenter/Core (3.3.2)
  - AppCenter/Crashes (3.3.2):
    - AppCenter/Core

DEPENDENCIES:
  - AppCenter

SPEC REPOS:
  trunk:
    - AppCenter

SPEC CHECKSUMS:
  AppCenter: aba7de06e4c2184f90dc84f7866bd07f82427d69

PODFILE CHECKSUM: cedabaee5cd15aaba60c3957f4730b8fb8f50b39

COCOAPODS: 1.9.1
