// !$*UTF8*$!
{
	archiveVersion = 1;
	classes = {
	};
	objectVersion = 50;
	objects = {

/* Begin PBXBuildFile section */
		508C985A3381F5D2437BC5A8 /* Pods_amcord.framework in Frameworks */ = {isa = PBXBuildFile; fileRef = DB85535F7C38CA87D078F2A8 /* Pods_amcord.framework */; };
		A07991CA24CD0D5C0036AEDF /* AppStatusEnum.swift in Sources */ = {isa = PBXBuildFile; fileRef = A07991C924CD0D5C0036AEDF /* AppStatusEnum.swift */; };
		A07991CE24CD4B2D0036AEDF /* Song.swift in Sources */ = {isa = PBXBuildFile; fileRef = A07991CD24CD4B2D0036AEDF /* Song.swift */; };
		A07991D024CE1CE10036AEDF /* SongStatusEnum.swift in Sources */ = {isa = PBXBuildFile; fileRef = A07991CF24CE1CE10036AEDF /* SongStatusEnum.swift */; };
		A07991D924CFA9BB0036AEDF /* Assets.xcassets in Resources */ = {isa = PBXBuildFile; fileRef = A07991D824CFA9BB0036AEDF /* Assets.xcassets */; };
		A07991DC24CFA9E60036AEDF /* discord_game_sdk.bundle in Frameworks */ = {isa = PBXBuildFile; fileRef = A07991DA24CFA9E60036AEDF /* discord_game_sdk.bundle */; };
		A07991DD24CFA9E60036AEDF /* discord_game_sdk.bundle in Embed Libraries */ = {isa = PBXBuildFile; fileRef = A07991DA24CFA9E60036AEDF /* discord_game_sdk.bundle */; settings = {ATTRIBUTES = (CodeSignOnCopy, ); }; };
		A07991DE24CFA9E60036AEDF /* discord_game_sdk.dylib in Frameworks */ = {isa = PBXBuildFile; fileRef = A07991DB24CFA9E60036AEDF /* discord_game_sdk.dylib */; };
		A07991DF24CFA9E60036AEDF /* discord_game_sdk.dylib in Embed Libraries */ = {isa = PBXBuildFile; fileRef = A07991DB24CFA9E60036AEDF /* discord_game_sdk.dylib */; settings = {ATTRIBUTES = (CodeSignOnCopy, ); }; };
		A0E1F97324BC212400DE8412 /* AppDelegate.swift in Sources */ = {isa = PBXBuildFile; fileRef = A0E1F97224BC212400DE8412 /* AppDelegate.swift */; };
		A0E1F97524BC212400DE8412 /* SongHandler.swift in Sources */ = {isa = PBXBuildFile; fileRef = A0E1F97424BC212400DE8412 /* SongHandler.swift */; };
		A0E1F97A24BC212D00DE8412 /* Main.storyboard in Resources */ = {isa = PBXBuildFile; fileRef = A0E1F97824BC212D00DE8412 /* Main.storyboard */; };
		A0E1F98624BC218000DE8412 /* discord.c in Sources */ = {isa = PBXBuildFile; fileRef = A0E1F98324BC218000DE8412 /* discord.c */; };
/* End PBXBuildFile section */

/* Begin PBXCopyFilesBuildPhase section */
		A0E1F98E24BC222600DE8412 /* Embed Libraries */ = {
			isa = PBXCopyFilesBuildPhase;
			buildActionMask = 2147483647;
			dstPath = "";
			dstSubfolderSpec = 10;
			files = (
				A07991DF24CFA9E60036AEDF /* discord_game_sdk.dylib in Embed Libraries */,
				A07991DD24CFA9E60036AEDF /* discord_game_sdk.bundle in Embed Libraries */,
			);
			name = "Embed Libraries";
			runOnlyForDeploymentPostprocessing = 0;
		};
/* End PBXCopyFilesBuildPhase section */

/* Begin PBXFileReference section */
		A07991C924CD0D5C0036AEDF /* AppStatusEnum.swift */ = {isa = PBXFileReference; lastKnownFileType = sourcecode.swift; path = AppStatusEnum.swift; sourceTree = "<group>"; };
		A07991CD24CD4B2D0036AEDF /* Song.swift */ = {isa = PBXFileReference; lastKnownFileType = sourcecode.swift; path = Song.swift; sourceTree = "<group>"; };
		A07991CF24CE1CE10036AEDF /* SongStatusEnum.swift */ = {isa = PBXFileReference; lastKnownFileType = sourcecode.swift; path = SongStatusEnum.swift; sourceTree = "<group>"; };
		A07991D824CFA9BB0036AEDF /* Assets.xcassets */ = {isa = PBXFileReference; lastKnownFileType = folder.assetcatalog; path = Assets.xcassets; sourceTree = "<group>"; };
		A07991DA24CFA9E60036AEDF /* discord_game_sdk.bundle */ = {isa = PBXFileReference; lastKnownFileType = "compiled.mach-o.dylib"; path = discord_game_sdk.bundle; sourceTree = "<group>"; };
		A07991DB24CFA9E60036AEDF /* discord_game_sdk.dylib */ = {isa = PBXFileReference; lastKnownFileType = "compiled.mach-o.dylib"; path = discord_game_sdk.dylib; sourceTree = "<group>"; };
		A0E1F96F24BC212400DE8412 /* amcord.app */ = {isa = PBXFileReference; explicitFileType = wrapper.application; includeInIndex = 0; path = amcord.app; sourceTree = BUILT_PRODUCTS_DIR; };
		A0E1F97224BC212400DE8412 /* AppDelegate.swift */ = {isa = PBXFileReference; lastKnownFileType = sourcecode.swift; path = AppDelegate.swift; sourceTree = "<group>"; };
		A0E1F97424BC212400DE8412 /* SongHandler.swift */ = {isa = PBXFileReference; lastKnownFileType = sourcecode.swift; path = SongHandler.swift; sourceTree = "<group>"; };
		A0E1F97924BC212D00DE8412 /* Base */ = {isa = PBXFileReference; lastKnownFileType = file.storyboard; name = Base; path = Base.lproj/Main.storyboard; sourceTree = "<group>"; };
		A0E1F97B24BC212D00DE8412 /* Info.plist */ = {isa = PBXFileReference; lastKnownFileType = text.plist.xml; path = Info.plist; sourceTree = "<group>"; };
		A0E1F97C24BC212D00DE8412 /* amcord.entitlements */ = {isa = PBXFileReference; lastKnownFileType = text.plist.entitlements; path = amcord.entitlements; sourceTree = "<group>"; };
		A0E1F98224BC217F00DE8412 /* amcord-Bridging-Header.h */ = {isa = PBXFileReference; lastKnownFileType = sourcecode.c.h; path = "amcord-Bridging-Header.h"; sourceTree = "<group>"; };
		A0E1F98324BC218000DE8412 /* discord.c */ = {isa = PBXFileReference; fileEncoding = 4; lastKnownFileType = sourcecode.c.c; path = discord.c; sourceTree = "<group>"; };
		A0E1F98424BC218000DE8412 /* discord.h */ = {isa = PBXFileReference; fileEncoding = 4; lastKnownFileType = sourcecode.c.h; path = discord.h; sourceTree = "<group>"; };
		A0E1F98524BC218000DE8412 /* discord_game_sdk.h */ = {isa = PBXFileReference; fileEncoding = 4; lastKnownFileType = sourcecode.c.h; path = discord_game_sdk.h; sourceTree = "<group>"; };
		A6343FAF025C279136600C95 /* Pods-amcord.debug.xcconfig */ = {isa = PBXFileReference; includeInIndex = 1; lastKnownFileType = text.xcconfig; name = "Pods-amcord.debug.xcconfig"; path = "Target Support Files/Pods-amcord/Pods-amcord.debug.xcconfig"; sourceTree = "<group>"; };
		DB85535F7C38CA87D078F2A8 /* Pods_amcord.framework */ = {isa = PBXFileReference; explicitFileType = wrapper.framework; includeInIndex = 0; path = Pods_amcord.framework; sourceTree = BUILT_PRODUCTS_DIR; };
		FBB89850D711892F8F18EDCB /* Pods-amcord.release.xcconfig */ = {isa = PBXFileReference; includeInIndex = 1; lastKnownFileType = text.xcconfig; name = "Pods-amcord.release.xcconfig"; path = "Target Support Files/Pods-amcord/Pods-amcord.release.xcconfig"; sourceTree = "<group>"; };
/* End PBXFileReference section */

/* Begin PBXFrameworksBuildPhase section */
		A0E1F96C24BC212400DE8412 /* Frameworks */ = {
			isa = PBXFrameworksBuildPhase;
			buildActionMask = 2147483647;
			files = (
				A07991DE24CFA9E60036AEDF /* discord_game_sdk.dylib in Frameworks */,
				A07991DC24CFA9E60036AEDF /* discord_game_sdk.bundle in Frameworks */,
				508C985A3381F5D2437BC5A8 /* Pods_amcord.framework in Frameworks */,
			);
			runOnlyForDeploymentPostprocessing = 0;
		};
/* End PBXFrameworksBuildPhase section */

/* Begin PBXGroup section */
		A07991D124CE1CED0036AEDF /* Lib */ = {
			isa = PBXGroup;
			children = (
				A0E1F98524BC218000DE8412 /* discord_game_sdk.h */,
				A0E1F98324BC218000DE8412 /* discord.c */,
				A0E1F98424BC218000DE8412 /* discord.h */,
			);
			path = Lib;
			sourceTree = "<group>";
		};
		A07991D524CFA4790036AEDF /* Enums */ = {
			isa = PBXGroup;
			children = (
				A07991C924CD0D5C0036AEDF /* AppStatusEnum.swift */,
				A07991CF24CE1CE10036AEDF /* SongStatusEnum.swift */,
			);
			path = Enums;
			sourceTree = "<group>";
		};
		A07991D624CFA48D0036AEDF /* Handlers */ = {
			isa = PBXGroup;
			children = (
				A0E1F97424BC212400DE8412 /* SongHandler.swift */,
			);
			path = Handlers;
			sourceTree = "<group>";
		};
		A07991D724CFA4940036AEDF /* Model */ = {
			isa = PBXGroup;
			children = (
				A07991CD24CD4B2D0036AEDF /* Song.swift */,
			);
			path = Model;
			sourceTree = "<group>";
		};
		A0E1F96624BC212400DE8412 = {
			isa = PBXGroup;
			children = (
				A0E1F97124BC212400DE8412 /* amcord */,
				A0E1F97024BC212400DE8412 /* Products */,
				A0E1F98724BC222600DE8412 /* Frameworks */,
				B8B4120F161E8FD8BF53455F /* Pods */,
			);
			sourceTree = "<group>";
		};
		A0E1F97024BC212400DE8412 /* Products */ = {
			isa = PBXGroup;
			children = (
				A0E1F96F24BC212400DE8412 /* amcord.app */,
			);
			name = Products;
			sourceTree = "<group>";
		};
		A0E1F97124BC212400DE8412 /* amcord */ = {
			isa = PBXGroup;
			children = (
				A07991D624CFA48D0036AEDF /* Handlers */,
				A07991D524CFA4790036AEDF /* Enums */,
				A07991D724CFA4940036AEDF /* Model */,
				A07991D124CE1CED0036AEDF /* Lib */,
				A0E1F98224BC217F00DE8412 /* amcord-Bridging-Header.h */,
				A0E1F97224BC212400DE8412 /* AppDelegate.swift */,
				A07991D824CFA9BB0036AEDF /* Assets.xcassets */,
				A0E1F97824BC212D00DE8412 /* Main.storyboard */,
				A0E1F97B24BC212D00DE8412 /* Info.plist */,
				A0E1F97C24BC212D00DE8412 /* amcord.entitlements */,
			);
			path = amcord;
			sourceTree = "<group>";
		};
		A0E1F98724BC222600DE8412 /* Frameworks */ = {
			isa = PBXGroup;
			children = (
				A07991DA24CFA9E60036AEDF /* discord_game_sdk.bundle */,
				A07991DB24CFA9E60036AEDF /* discord_game_sdk.dylib */,
				DB85535F7C38CA87D078F2A8 /* Pods_amcord.framework */,
			);
			name = Frameworks;
			sourceTree = "<group>";
		};
		B8B4120F161E8FD8BF53455F /* Pods */ = {
			isa = PBXGroup;
			children = (
				A6343FAF025C279136600C95 /* Pods-amcord.debug.xcconfig */,
				FBB89850D711892F8F18EDCB /* Pods-amcord.release.xcconfig */,
			);
			path = Pods;
			sourceTree = "<group>";
		};
/* End PBXGroup section */

/* Begin PBXNativeTarget section */
		A0E1F96E24BC212400DE8412 /* amcord */ = {
			isa = PBXNativeTarget;
			buildConfigurationList = A0E1F97F24BC212D00DE8412 /* Build configuration list for PBXNativeTarget "amcord" */;
			buildPhases = (
				EB5A43E4CC5934697C6561B6 /* [CP] Check Pods Manifest.lock */,
				A0E1F96B24BC212400DE8412 /* Sources */,
				A0E1F96C24BC212400DE8412 /* Frameworks */,
				A0E1F96D24BC212400DE8412 /* Resources */,
				A0E1F98E24BC222600DE8412 /* Embed Libraries */,
			);
			buildRules = (
			);
			dependencies = (
			);
			name = amcord;
			productName = amcord;
			productReference = A0E1F96F24BC212400DE8412 /* amcord.app */;
			productType = "com.apple.product-type.application";
		};
/* End PBXNativeTarget section */

/* Begin PBXProject section */
		A0E1F96724BC212400DE8412 /* Project object */ = {
			isa = PBXProject;
			attributes = {
				LastSwiftUpdateCheck = 1150;
				LastUpgradeCheck = 1150;
				ORGANIZATIONNAME = "Lucas Alves Gusmão";
				TargetAttributes = {
					A0E1F96E24BC212400DE8412 = {
						CreatedOnToolsVersion = 11.5;
						LastSwiftMigration = 1150;
					};
				};
			};
			buildConfigurationList = A0E1F96A24BC212400DE8412 /* Build configuration list for PBXProject "amcord" */;
			compatibilityVersion = "Xcode 9.3";
			developmentRegion = en;
			hasScannedForEncodings = 0;
			knownRegions = (
				en,
				Base,
			);
			mainGroup = A0E1F96624BC212400DE8412;
			productRefGroup = A0E1F97024BC212400DE8412 /* Products */;
			projectDirPath = "";
			projectRoot = "";
			targets = (
				A0E1F96E24BC212400DE8412 /* amcord */,
			);
		};
/* End PBXProject section */

/* Begin PBXResourcesBuildPhase section */
		A0E1F96D24BC212400DE8412 /* Resources */ = {
			isa = PBXResourcesBuildPhase;
			buildActionMask = 2147483647;
			files = (
				A07991D924CFA9BB0036AEDF /* Assets.xcassets in Resources */,
				A0E1F97A24BC212D00DE8412 /* Main.storyboard in Resources */,
			);
			runOnlyForDeploymentPostprocessing = 0;
		};
/* End PBXResourcesBuildPhase section */

/* Begin PBXShellScriptBuildPhase section */
		EB5A43E4CC5934697C6561B6 /* [CP] Check Pods Manifest.lock */ = {
			isa = PBXShellScriptBuildPhase;
			buildActionMask = 2147483647;
			files = (
			);
			inputFileListPaths = (
			);
			inputPaths = (
				"${PODS_PODFILE_DIR_PATH}/Podfile.lock",
				"${PODS_ROOT}/Manifest.lock",
			);
			name = "[CP] Check Pods Manifest.lock";
			outputFileListPaths = (
			);
			outputPaths = (
				"$(DERIVED_FILE_DIR)/Pods-amcord-checkManifestLockResult.txt",
			);
			runOnlyForDeploymentPostprocessing = 0;
			shellPath = /bin/sh;
			shellScript = "diff \"${PODS_PODFILE_DIR_PATH}/Podfile.lock\" \"${PODS_ROOT}/Manifest.lock\" > /dev/null\nif [ $? != 0 ] ; then\n    # print error to STDERR\n    echo \"error: The sandbox is not in sync with the Podfile.lock. Run 'pod install' or update your CocoaPods installation.\" >&2\n    exit 1\nfi\n# This output is used by Xcode 'outputs' to avoid re-running this script phase.\necho \"SUCCESS\" > \"${SCRIPT_OUTPUT_FILE_0}\"\n";
			showEnvVarsInLog = 0;
		};
/* End PBXShellScriptBuildPhase section */

/* Begin PBXSourcesBuildPhase section */
		A0E1F96B24BC212400DE8412 /* Sources */ = {
			isa = PBXSourcesBuildPhase;
			buildActionMask = 2147483647;
			files = (
				A07991CA24CD0D5C0036AEDF /* AppStatusEnum.swift in Sources */,
				A07991D024CE1CE10036AEDF /* SongStatusEnum.swift in Sources */,
				A0E1F97524BC212400DE8412 /* SongHandler.swift in Sources */,
				A0E1F98624BC218000DE8412 /* discord.c in Sources */,
				A0E1F97324BC212400DE8412 /* AppDelegate.swift in Sources */,
				A07991CE24CD4B2D0036AEDF /* Song.swift in Sources */,
			);
			runOnlyForDeploymentPostprocessing = 0;
		};
/* End PBXSourcesBuildPhase section */

/* Begin PBXVariantGroup section */
		A0E1F97824BC212D00DE8412 /* Main.storyboard */ = {
			isa = PBXVariantGroup;
			children = (
				A0E1F97924BC212D00DE8412 /* Base */,
			);
			name = Main.storyboard;
			sourceTree = "<group>";
		};
/* End PBXVariantGroup section */

/* Begin XCBuildConfiguration section */
		A0E1F97D24BC212D00DE8412 /* Debug */ = {
			isa = XCBuildConfiguration;
			buildSettings = {
				ALWAYS_SEARCH_USER_PATHS = NO;
				CLANG_ANALYZER_NONNULL = YES;
				CLANG_ANALYZER_NUMBER_OBJECT_CONVERSION = YES_AGGRESSIVE;
				CLANG_CXX_LANGUAGE_STANDARD = "gnu++14";
				CLANG_CXX_LIBRARY = "libc++";
				CLANG_ENABLE_MODULES = YES;
				CLANG_ENABLE_OBJC_ARC = YES;
				CLANG_ENABLE_OBJC_WEAK = YES;
				CLANG_WARN_BLOCK_CAPTURE_AUTORELEASING = YES;
				CLANG_WARN_BOOL_CONVERSION = YES;
				CLANG_WARN_COMMA = YES;
				CLANG_WARN_CONSTANT_CONVERSION = YES;
				CLANG_WARN_DEPRECATED_OBJC_IMPLEMENTATIONS = YES;
				CLANG_WARN_DIRECT_OBJC_ISA_USAGE = YES_ERROR;
				CLANG_WARN_DOCUMENTATION_COMMENTS = YES;
				CLANG_WARN_EMPTY_BODY = YES;
				CLANG_WARN_ENUM_CONVERSION = YES;
				CLANG_WARN_INFINITE_RECURSION = YES;
				CLANG_WARN_INT_CONVERSION = YES;
				CLANG_WARN_NON_LITERAL_NULL_CONVERSION = YES;
				CLANG_WARN_OBJC_IMPLICIT_RETAIN_SELF = YES;
				CLANG_WARN_OBJC_LITERAL_CONVERSION = YES;
				CLANG_WARN_OBJC_ROOT_CLASS = YES_ERROR;
				CLANG_WARN_RANGE_LOOP_ANALYSIS = YES;
				CLANG_WARN_STRICT_PROTOTYPES = YES;
				CLANG_WARN_SUSPICIOUS_MOVE = YES;
				CLANG_WARN_UNGUARDED_AVAILABILITY = YES_AGGRESSIVE;
				CLANG_WARN_UNREACHABLE_CODE = YES;
				CLANG_WARN__DUPLICATE_METHOD_MATCH = YES;
				COPY_PHASE_STRIP = NO;
				DEBUG_INFORMATION_FORMAT = dwarf;
				ENABLE_STRICT_OBJC_MSGSEND = YES;
				ENABLE_TESTABILITY = YES;
				GCC_C_LANGUAGE_STANDARD = gnu11;
				GCC_DYNAMIC_NO_PIC = NO;
				GCC_NO_COMMON_BLOCKS = YES;
				GCC_OPTIMIZATION_LEVEL = 0;
				GCC_PREPROCESSOR_DEFINITIONS = (
					"DEBUG=1",
					"$(inherited)",
				);
				GCC_WARN_64_TO_32_BIT_CONVERSION = YES;
				GCC_WARN_ABOUT_RETURN_TYPE = YES_ERROR;
				GCC_WARN_UNDECLARED_SELECTOR = YES;
				GCC_WARN_UNINITIALIZED_AUTOS = YES_AGGRESSIVE;
				GCC_WARN_UNUSED_FUNCTION = YES;
				GCC_WARN_UNUSED_VARIABLE = YES;
				MACOSX_DEPLOYMENT_TARGET = 10.15;
				MTL_ENABLE_DEBUG_INFO = INCLUDE_SOURCE;
				MTL_FAST_MATH = YES;
				ONLY_ACTIVE_ARCH = YES;
				SDKROOT = macosx;
				SWIFT_ACTIVE_COMPILATION_CONDITIONS = DEBUG;
				SWIFT_OPTIMIZATION_LEVEL = "-Onone";
			};
			name = Debug;
		};
		A0E1F97E24BC212D00DE8412 /* Release */ = {
			isa = XCBuildConfiguration;
			buildSettings = {
				ALWAYS_SEARCH_USER_PATHS = NO;
				CLANG_ANALYZER_NONNULL = YES;
				CLANG_ANALYZER_NUMBER_OBJECT_CONVERSION = YES_AGGRESSIVE;
				CLANG_CXX_LANGUAGE_STANDARD = "gnu++14";
				CLANG_CXX_LIBRARY = "libc++";
				CLANG_ENABLE_MODULES = YES;
				CLANG_ENABLE_OBJC_ARC = YES;
				CLANG_ENABLE_OBJC_WEAK = YES;
				CLANG_WARN_BLOCK_CAPTURE_AUTORELEASING = YES;
				CLANG_WARN_BOOL_CONVERSION = YES;
				CLANG_WARN_COMMA = YES;
				CLANG_WARN_CONSTANT_CONVERSION = YES;
				CLANG_WARN_DEPRECATED_OBJC_IMPLEMENTATIONS = YES;
				CLANG_WARN_DIRECT_OBJC_ISA_USAGE = YES_ERROR;
				CLANG_WARN_DOCUMENTATION_COMMENTS = YES;
				CLANG_WARN_EMPTY_BODY = YES;
				CLANG_WARN_ENUM_CONVERSION = YES;
				CLANG_WARN_INFINITE_RECURSION = YES;
				CLANG_WARN_INT_CONVERSION = YES;
				CLANG_WARN_NON_LITERAL_NULL_CONVERSION = YES;
				CLANG_WARN_OBJC_IMPLICIT_RETAIN_SELF = YES;
				CLANG_WARN_OBJC_LITERAL_CONVERSION = YES;
				CLANG_WARN_OBJC_ROOT_CLASS = YES_ERROR;
				CLANG_WARN_RANGE_LOOP_ANALYSIS = YES;
				CLANG_WARN_STRICT_PROTOTYPES = YES;
				CLANG_WARN_SUSPICIOUS_MOVE = YES;
				CLANG_WARN_UNGUARDED_AVAILABILITY = YES_AGGRESSIVE;
				CLANG_WARN_UNREACHABLE_CODE = YES;
				CLANG_WARN__DUPLICATE_METHOD_MATCH = YES;
				COPY_PHASE_STRIP = NO;
				DEBUG_INFORMATION_FORMAT = "dwarf-with-dsym";
				ENABLE_NS_ASSERTIONS = NO;
				ENABLE_STRICT_OBJC_MSGSEND = YES;
				GCC_C_LANGUAGE_STANDARD = gnu11;
				GCC_NO_COMMON_BLOCKS = YES;
				GCC_WARN_64_TO_32_BIT_CONVERSION = YES;
				GCC_WARN_ABOUT_RETURN_TYPE = YES_ERROR;
				GCC_WARN_UNDECLARED_SELECTOR = YES;
				GCC_WARN_UNINITIALIZED_AUTOS = YES_AGGRESSIVE;
				GCC_WARN_UNUSED_FUNCTION = YES;
				GCC_WARN_UNUSED_VARIABLE = YES;
				MACOSX_DEPLOYMENT_TARGET = 10.15;
				MTL_ENABLE_DEBUG_INFO = NO;
				MTL_FAST_MATH = YES;
				SDKROOT = macosx;
				SWIFT_COMPILATION_MODE = wholemodule;
				SWIFT_OPTIMIZATION_LEVEL = "-O";
			};
			name = Release;
		};
		A0E1F98024BC212D00DE8412 /* Debug */ = {
			isa = XCBuildConfiguration;
			baseConfigurationReference = A6343FAF025C279136600C95 /* Pods-amcord.debug.xcconfig */;
			buildSettings = {
				ASSETCATALOG_COMPILER_APPICON_NAME = AppIcon;
				CLANG_ENABLE_MODULES = YES;
				CODE_SIGN_ENTITLEMENTS = amcord/amcord.entitlements;
				CODE_SIGN_STYLE = Automatic;
				COMBINE_HIDPI_IMAGES = YES;
				INFOPLIST_FILE = amcord/Info.plist;
				LD_RUNPATH_SEARCH_PATHS = (
					"$(inherited)",
					"@executable_path/../Frameworks",
				);
				LIBRARY_SEARCH_PATHS = (
					"$(inherited)",
					"$(PROJECT_DIR)",
				);
				MARKETING_VERSION = 0.3;
				PRODUCT_BUNDLE_IDENTIFIER = com.lucasalgus.amcord;
				PRODUCT_NAME = "$(TARGET_NAME)";
				SWIFT_OBJC_BRIDGING_HEADER = "amcord/amcord-Bridging-Header.h";
				SWIFT_OPTIMIZATION_LEVEL = "-Onone";
				SWIFT_VERSION = 5.0;
			};
			name = Debug;
		};
		A0E1F98124BC212D00DE8412 /* Release */ = {
			isa = XCBuildConfiguration;
			baseConfigurationReference = FBB89850D711892F8F18EDCB /* Pods-amcord.release.xcconfig */;
			buildSettings = {
				ASSETCATALOG_COMPILER_APPICON_NAME = AppIcon;
				CLANG_ENABLE_MODULES = YES;
				CODE_SIGN_ENTITLEMENTS = amcord/amcord.entitlements;
				CODE_SIGN_STYLE = Automatic;
				COMBINE_HIDPI_IMAGES = YES;
				INFOPLIST_FILE = amcord/Info.plist;
				LD_RUNPATH_SEARCH_PATHS = (
					"$(inherited)",
					"@executable_path/../Frameworks",
				);
				LIBRARY_SEARCH_PATHS = (
					"$(inherited)",
					"$(PROJECT_DIR)",
				);
				MARKETING_VERSION = 0.3;
				PRODUCT_BUNDLE_IDENTIFIER = com.lucasalgus.amcord;
				PRODUCT_NAME = "$(TARGET_NAME)";
				SWIFT_OBJC_BRIDGING_HEADER = "amcord/amcord-Bridging-Header.h";
				SWIFT_VERSION = 5.0;
			};
			name = Release;
		};
/* End XCBuildConfiguration section */

/* Begin XCConfigurationList section */
		A0E1F96A24BC212400DE8412 /* Build configuration list for PBXProject "amcord" */ = {
			isa = XCConfigurationList;
			buildConfigurations = (
				A0E1F97D24BC212D00DE8412 /* Debug */,
				A0E1F97E24BC212D00DE8412 /* Release */,
			);
			defaultConfigurationIsVisible = 0;
			defaultConfigurationName = Release;
		};
		A0E1F97F24BC212D00DE8412 /* Build configuration list for PBXNativeTarget "amcord" */ = {
			isa = XCConfigurationList;
			buildConfigurations = (
				A0E1F98024BC212D00DE8412 /* Debug */,
				A0E1F98124BC212D00DE8412 /* Release */,
			);
			defaultConfigurationIsVisible = 0;
			defaultConfigurationName = Release;
		};
/* End XCConfigurationList section */
	};
	rootObject = A0E1F96724BC212400DE8412 /* Project object */;
}
